
Microsoft Visual Studio Solution File, Format Version 12.00
# Visual Studio Version 17
VisualStudioVersion = 17.1.32421.90
MinimumVisualStudioVersion = 10.0.40219.1
Project("{FAE04EC0-301F-11D3-BF4B-00C04F79EFBC}") = "onlineShop", "onlineShop\onlineShop.csproj", "{AA66CB51-DFC8-4674-9467-5B7D3D0994BC}"
EndProject
Global
	GlobalSection(SolutionConfigurationPlatforms) = preSolution
		Debug|Any CPU = Debug|Any CPU
		Release|Any CPU = Release|Any CPU
	EndGlobalSection
	GlobalSection(ProjectConfigurationPlatforms) = postSolution
		{AA66CB51-DFC8-4674-9467-5B7D3D0994BC}.Debug|Any CPU.ActiveCfg = Debug|Any CPU
		{AA66CB51-DFC8-4674-9467-5B7D3D0994BC}.Debug|Any CPU.Build.0 = Debug|Any CPU
		{AA66CB51-DFC8-4674-9467-5B7D3D0994BC}.Release|Any CPU.ActiveCfg = Release|Any CPU
		{AA66CB51-DFC8-4674-9467-5B7D3D0994BC}.Release|Any CPU.Build.0 = Release|Any CPU
	EndGlobalSection
	GlobalSection(SolutionProperties) = preSolution
		HideSolutionNode = FALSE
	EndGlobalSection
	GlobalSection(ExtensibilityGlobals) = postSolution
		SolutionGuid = {998EDAE3-192E-4E77-A9F5-6C5771AA0375}
	EndGlobalSection
EndGlobal
